
Microsoft Visual Studio Solution File, Format Version 12.00
# Visual Studio Version 16
VisualStudioVersion = 16.0.31005.135
MinimumVisualStudioVersion = 10.0.40219.1
Project("{FAE04EC0-301F-11D3-BF4B-00C04F79EFBC}") = "BethanysPieShop.App", "BethanysPieShop.App\BethanysPieShop.App.csproj", "{CE4816F9-9E71-4221-B435-93C5D886AD1B}"
EndProject
Project("{FAE04EC0-301F-11D3-BF4B-00C04F79EFBC}") = "BethanysPieshop.Api", "BethanysPieShop.Api\BethanysPieshop.Api.csproj", "{38D4F4AB-19CE-41D4-A30A-546CC2E70C1E}"
EndProject
Project("{FAE04EC0-301F-11D3-BF4B-00C04F79EFBC}") = "BethanysPieshop.ComponentsLibrary", "BethanysPieShop.ComponentsLibrary\BethanysPieshop.ComponentsLibrary.csproj", "{C3171178-60FF-47D0-BC0A-6676278E3FF9}"
EndProject
Global
	GlobalSection(SolutionConfigurationPlatforms) = preSolution
		Debug|Any CPU = Debug|Any CPU
		Release|Any CPU = Release|Any CPU
	EndGlobalSection
	GlobalSection(ProjectConfigurationPlatforms) = postSolution
		{CE4816F9-9E71-4221-B435-93C5D886AD1B}.Debug|Any CPU.ActiveCfg = Debug|Any CPU
		{CE4816F9-9E71-4221-B435-93C5D886AD1B}.Debug|Any CPU.Build.0 = Debug|Any CPU
		{CE4816F9-9E71-4221-B435-93C5D886AD1B}.Release|Any CPU.ActiveCfg = Release|Any CPU
		{CE4816F9-9E71-4221-B435-93C5D886AD1B}.Release|Any CPU.Build.0 = Release|Any CPU
		{38D4F4AB-19CE-41D4-A30A-546CC2E70C1E}.Debug|Any CPU.ActiveCfg = Debug|Any CPU
		{38D4F4AB-19CE-41D4-A30A-546CC2E70C1E}.Debug|Any CPU.Build.0 = Debug|Any CPU
		{38D4F4AB-19CE-41D4-A30A-546CC2E70C1E}.Release|Any CPU.ActiveCfg = Release|Any CPU
		{38D4F4AB-19CE-41D4-A30A-546CC2E70C1E}.Release|Any CPU.Build.0 = Release|Any CPU
		{C3171178-60FF-47D0-BC0A-6676278E3FF9}.Debug|Any CPU.ActiveCfg = Debug|Any CPU
		{C3171178-60FF-47D0-BC0A-6676278E3FF9}.Debug|Any CPU.Build.0 = Debug|Any CPU
		{C3171178-60FF-47D0-BC0A-6676278E3FF9}.Release|Any CPU.ActiveCfg = Release|Any CPU
		{C3171178-60FF-47D0-BC0A-6676278E3FF9}.Release|Any CPU.Build.0 = Release|Any CPU
	EndGlobalSection
	GlobalSection(SolutionProperties) = preSolution
		HideSolutionNode = FALSE
	EndGlobalSection
	GlobalSection(ExtensibilityGlobals) = postSolution
		SolutionGuid = {A9F17911-1FF0-4080-B0CB-5B1EE9C08364}
	EndGlobalSection
EndGlobal
